
Microsoft Visual Studio Solution File, Format Version 12.00
# Visual Studio Version 17
VisualStudioVersion = 17.6.33723.286
MinimumVisualStudioVersion = 10.0.40219.1
Project("{9A19103F-16F7-4668-BE54-9A1E7A4F7556}") = "VirtualWallet.API", "Virtual Wallet\VirtualWallet.API.csproj", "{88E92F56-470A-4B03-88A3-462F6DC83292}"
	ProjectSection(ProjectDependencies) = postProject
		{256A151C-1A2B-44FC-A0F6-F9D798709D3C} = {256A151C-1A2B-44FC-A0F6-F9D798709D3C}
	EndProjectSection
EndProject
Project("{9A19103F-16F7-4668-BE54-9A1E7A4F7556}") = "VirtualWallet.Application", "VirtualWallet.Core\VirtualWallet.Application.csproj", "{BE518C21-F743-4EB5-A184-BC6D10084543}"
	ProjectSection(ProjectDependencies) = postProject
		{256A151C-1A2B-44FC-A0F6-F9D798709D3C} = {256A151C-1A2B-44FC-A0F6-F9D798709D3C}
		{C26A42A5-662C-4F11-831E-34AAE8509DF6} = {C26A42A5-662C-4F11-831E-34AAE8509DF6}
		{D918AA2D-947F-4C80-90F5-B81828316E13} = {D918AA2D-947F-4C80-90F5-B81828316E13}
	EndProjectSection
EndProject
Project("{9A19103F-16F7-4668-BE54-9A1E7A4F7556}") = "VirtualWallet.Persistence", "VirtualWallet.Persistence\VirtualWallet.Persistence.csproj", "{D918AA2D-947F-4C80-90F5-B81828316E13}"
	ProjectSection(ProjectDependencies) = postProject
		{256A151C-1A2B-44FC-A0F6-F9D798709D3C} = {256A151C-1A2B-44FC-A0F6-F9D798709D3C}
	EndProjectSection
EndProject
Project("{9A19103F-16F7-4668-BE54-9A1E7A4F7556}") = "VirtualWallet.Domain", "VirtualWallet.Domain\VirtualWallet.Domain.csproj", "{C26A42A5-662C-4F11-831E-34AAE8509DF6}"
	ProjectSection(ProjectDependencies) = postProject
		{256A151C-1A2B-44FC-A0F6-F9D798709D3C} = {256A151C-1A2B-44FC-A0F6-F9D798709D3C}
	EndProjectSection
EndProject
Project("{9A19103F-16F7-4668-BE54-9A1E7A4F7556}") = "VirtualWallet.Common", "VirtualWallet.Common\VirtualWallet.Common.csproj", "{256A151C-1A2B-44FC-A0F6-F9D798709D3C}"
EndProject
Project("{FAE04EC0-301F-11D3-BF4B-00C04F79EFBC}") = "VirtualWallet.Tests", "VirtualWallet.Tests\VirtualWallet.Tests.csproj", "{6E0E6EBA-C1CD-4D49-8825-93ADADE13551}"
EndProject
Global
	GlobalSection(SolutionConfigurationPlatforms) = preSolution
		Debug|Any CPU = Debug|Any CPU
		Release|Any CPU = Release|Any CPU
	EndGlobalSection
	GlobalSection(ProjectConfigurationPlatforms) = postSolution
		{88E92F56-470A-4B03-88A3-462F6DC83292}.Debug|Any CPU.ActiveCfg = Debug|Any CPU
		{88E92F56-470A-4B03-88A3-462F6DC83292}.Debug|Any CPU.Build.0 = Debug|Any CPU
		{88E92F56-470A-4B03-88A3-462F6DC83292}.Release|Any CPU.ActiveCfg = Release|Any CPU
		{88E92F56-470A-4B03-88A3-462F6DC83292}.Release|Any CPU.Build.0 = Release|Any CPU
		{BE518C21-F743-4EB5-A184-BC6D10084543}.Debug|Any CPU.ActiveCfg = Debug|Any CPU
		{BE518C21-F743-4EB5-A184-BC6D10084543}.Debug|Any CPU.Build.0 = Debug|Any CPU
		{BE518C21-F743-4EB5-A184-BC6D10084543}.Release|Any CPU.ActiveCfg = Release|Any CPU
		{BE518C21-F743-4EB5-A184-BC6D10084543}.Release|Any CPU.Build.0 = Release|Any CPU
		{D918AA2D-947F-4C80-90F5-B81828316E13}.Debug|Any CPU.ActiveCfg = Debug|Any CPU
		{D918AA2D-947F-4C80-90F5-B81828316E13}.Debug|Any CPU.Build.0 = Debug|Any CPU
		{D918AA2D-947F-4C80-90F5-B81828316E13}.Release|Any CPU.ActiveCfg = Release|Any CPU
		{D918AA2D-947F-4C80-90F5-B81828316E13}.Release|Any CPU.Build.0 = Release|Any CPU
		{C26A42A5-662C-4F11-831E-34AAE8509DF6}.Debug|Any CPU.ActiveCfg = Debug|Any CPU
		{C26A42A5-662C-4F11-831E-34AAE8509DF6}.Debug|Any CPU.Build.0 = Debug|Any CPU
		{C26A42A5-662C-4F11-831E-34AAE8509DF6}.Release|Any CPU.ActiveCfg = Release|Any CPU
		{C26A42A5-662C-4F11-831E-34AAE8509DF6}.Release|Any CPU.Build.0 = Release|Any CPU
		{256A151C-1A2B-44FC-A0F6-F9D798709D3C}.Debug|Any CPU.ActiveCfg = Debug|Any CPU
		{256A151C-1A2B-44FC-A0F6-F9D798709D3C}.Debug|Any CPU.Build.0 = Debug|Any CPU
		{256A151C-1A2B-44FC-A0F6-F9D798709D3C}.Release|Any CPU.ActiveCfg = Release|Any CPU
		{256A151C-1A2B-44FC-A0F6-F9D798709D3C}.Release|Any CPU.Build.0 = Release|Any CPU
		{6E0E6EBA-C1CD-4D49-8825-93ADADE13551}.Debug|Any CPU.ActiveCfg = Debug|Any CPU
		{6E0E6EBA-C1CD-4D49-8825-93ADADE13551}.Debug|Any CPU.Build.0 = Debug|Any CPU
		{6E0E6EBA-C1CD-4D49-8825-93ADADE13551}.Release|Any CPU.ActiveCfg = Release|Any CPU
		{6E0E6EBA-C1CD-4D49-8825-93ADADE13551}.Release|Any CPU.Build.0 = Release|Any CPU
	EndGlobalSection
	GlobalSection(SolutionProperties) = preSolution
		HideSolutionNode = FALSE
	EndGlobalSection
	GlobalSection(ExtensibilityGlobals) = postSolution
		SolutionGuid = {C2D83FC4-70DC-4A18-BD00-EA068540A99C}
	EndGlobalSection
EndGlobal
